
Microsoft Visual Studio Solution File, Format Version 12.00
# Visual Studio 14
VisualStudioVersion = 14.0.25420.1
MinimumVisualStudioVersion = 10.0.40219.1
Project("{FAE04EC0-301F-11D3-BF4B-00C04F79EFBC}") = "EkaNet_3", "EkaNet_3\EkaNet_3.csproj", "{DEFB421F-13BD-422E-805B-C21BE001A1C6}"
EndProject
Project("{FAE04EC0-301F-11D3-BF4B-00C04F79EFBC}") = "EkaNet_3_Homework_1", "EkaNet_3_Homework_1\EkaNet_3_Homework_1.csproj", "{F1D32313-F336-4A51-806B-43DD3E1B8881}"
EndProject
Project("{FAE04EC0-301F-11D3-BF4B-00C04F79EFBC}") = "EkaNet_3_Homework_2", "EkaNet_3_Homework_2\EkaNet_3_Homework_2.csproj", "{E7C64145-CF8B-4F70-BB46-C70434890ED8}"
EndProject
Project("{FAE04EC0-301F-11D3-BF4B-00C04F79EFBC}") = "EkaNet_4", "EkaNet_4\EkaNet_4.csproj", "{37585FA1-CC10-4734-965F-3DC9B633946C}"
EndProject
Project("{FAE04EC0-301F-11D3-BF4B-00C04F79EFBC}") = "EkaNet_5", "EkaNet_5\EkaNet_5.csproj", "{2F322085-8061-4326-BE5E-7E97B675B31F}"
EndProject
Project("{FAE04EC0-301F-11D3-BF4B-00C04F79EFBC}") = "EkaNet_7", "EkaNet_7\EkaNet_7.csproj", "{AE342C12-19A2-4DBB-AEBE-9675C080E31F}"
EndProject
Project("{FAE04EC0-301F-11D3-BF4B-00C04F79EFBC}") = "EkaNet_8", "EkaNet_8\Entity\EkaNet_8.csproj", "{10234985-A4FD-4A5F-8973-EB25CD327DE1}"
EndProject
Global
	GlobalSection(SolutionConfigurationPlatforms) = preSolution
		Debug|Any CPU = Debug|Any CPU
		Release|Any CPU = Release|Any CPU
	EndGlobalSection
	GlobalSection(ProjectConfigurationPlatforms) = postSolution
		{DEFB421F-13BD-422E-805B-C21BE001A1C6}.Debug|Any CPU.ActiveCfg = Debug|Any CPU
		{DEFB421F-13BD-422E-805B-C21BE001A1C6}.Debug|Any CPU.Build.0 = Debug|Any CPU
		{DEFB421F-13BD-422E-805B-C21BE001A1C6}.Release|Any CPU.ActiveCfg = Release|Any CPU
		{DEFB421F-13BD-422E-805B-C21BE001A1C6}.Release|Any CPU.Build.0 = Release|Any CPU
		{F1D32313-F336-4A51-806B-43DD3E1B8881}.Debug|Any CPU.ActiveCfg = Debug|Any CPU
		{F1D32313-F336-4A51-806B-43DD3E1B8881}.Debug|Any CPU.Build.0 = Debug|Any CPU
		{F1D32313-F336-4A51-806B-43DD3E1B8881}.Release|Any CPU.ActiveCfg = Release|Any CPU
		{F1D32313-F336-4A51-806B-43DD3E1B8881}.Release|Any CPU.Build.0 = Release|Any CPU
		{E7C64145-CF8B-4F70-BB46-C70434890ED8}.Debug|Any CPU.ActiveCfg = Debug|Any CPU
		{E7C64145-CF8B-4F70-BB46-C70434890ED8}.Debug|Any CPU.Build.0 = Debug|Any CPU
		{E7C64145-CF8B-4F70-BB46-C70434890ED8}.Release|Any CPU.ActiveCfg = Release|Any CPU
		{E7C64145-CF8B-4F70-BB46-C70434890ED8}.Release|Any CPU.Build.0 = Release|Any CPU
		{37585FA1-CC10-4734-965F-3DC9B633946C}.Debug|Any CPU.ActiveCfg = Debug|Any CPU
		{37585FA1-CC10-4734-965F-3DC9B633946C}.Debug|Any CPU.Build.0 = Debug|Any CPU
		{37585FA1-CC10-4734-965F-3DC9B633946C}.Release|Any CPU.ActiveCfg = Release|Any CPU
		{37585FA1-CC10-4734-965F-3DC9B633946C}.Release|Any CPU.Build.0 = Release|Any CPU
		{2F322085-8061-4326-BE5E-7E97B675B31F}.Debug|Any CPU.ActiveCfg = Debug|Any CPU
		{2F322085-8061-4326-BE5E-7E97B675B31F}.Debug|Any CPU.Build.0 = Debug|Any CPU
		{2F322085-8061-4326-BE5E-7E97B675B31F}.Release|Any CPU.ActiveCfg = Release|Any CPU
		{2F322085-8061-4326-BE5E-7E97B675B31F}.Release|Any CPU.Build.0 = Release|Any CPU
		{AE342C12-19A2-4DBB-AEBE-9675C080E31F}.Debug|Any CPU.ActiveCfg = Debug|Any CPU
		{AE342C12-19A2-4DBB-AEBE-9675C080E31F}.Debug|Any CPU.Build.0 = Debug|Any CPU
		{AE342C12-19A2-4DBB-AEBE-9675C080E31F}.Release|Any CPU.ActiveCfg = Release|Any CPU
		{AE342C12-19A2-4DBB-AEBE-9675C080E31F}.Release|Any CPU.Build.0 = Release|Any CPU
		{10234985-A4FD-4A5F-8973-EB25CD327DE1}.Debug|Any CPU.ActiveCfg = Debug|Any CPU
		{10234985-A4FD-4A5F-8973-EB25CD327DE1}.Debug|Any CPU.Build.0 = Debug|Any CPU
		{10234985-A4FD-4A5F-8973-EB25CD327DE1}.Release|Any CPU.ActiveCfg = Release|Any CPU
		{10234985-A4FD-4A5F-8973-EB25CD327DE1}.Release|Any CPU.Build.0 = Release|Any CPU
	EndGlobalSection
	GlobalSection(SolutionProperties) = preSolution
		HideSolutionNode = FALSE
	EndGlobalSection
EndGlobal
